// !$*UTF8*$!
{
	archiveVersion = 1;
	classes = {
	};
	objectVersion = 55;
	objects = {

/* Begin PBXBuildFile section */
		F4BF04782B7D423C0060A035 /* AppDelegate.swift in Sources */ = {isa = PBXBuildFile; fileRef = F4BF04772B7D423C0060A035 /* AppDelegate.swift */; };
		F4BF047A2B7D423C0060A035 /* SceneDelegate.swift in Sources */ = {isa = PBXBuildFile; fileRef = F4BF04792B7D423C0060A035 /* SceneDelegate.swift */; };
		F4BF047D2B7D423C0060A035 /* LaunchScreen.storyboard in Resources */ = {isa = PBXBuildFile; fileRef = F4BF047B2B7D423C0060A035 /* LaunchScreen.storyboard */; };
		F4BF04802B7D423C0060A035 /* Main.storyboard in Resources */ = {isa = PBXBuildFile; fileRef = F4BF047E2B7D423C0060A035 /* Main.storyboard */; };
		F4BF04892B7D423C0060A035 /* AppDelegate.swift in Sources */ = {isa = PBXBuildFile; fileRef = F4BF04882B7D423C0060A035 /* AppDelegate.swift */; };
		F4BF048C2B7D423C0060A035 /* Main.storyboard in Resources */ = {isa = PBXBuildFile; fileRef = F4BF048A2B7D423C0060A035 /* Main.storyboard */; };
		F4BF04932B7D423C0060A035 /* pokepastefix.safari Extension.appex in Embed App Extensions */ = {isa = PBXBuildFile; fileRef = F4BF04922B7D423C0060A035 /* pokepastefix.safari Extension.appex */; settings = {ATTRIBUTES = (RemoveHeadersOnCopy, ); }; };
		F4BF049D2B7D423C0060A035 /* pokepastefix.safari Extension.appex in Embed App Extensions */ = {isa = PBXBuildFile; fileRef = F4BF049C2B7D423C0060A035 /* pokepastefix.safari Extension.appex */; settings = {ATTRIBUTES = (RemoveHeadersOnCopy, ); }; };
		F4BF04A32B7D423C0060A035 /* Main.html in Resources */ = {isa = PBXBuildFile; fileRef = F4BF045E2B7D423A0060A035 /* Main.html */; };
		F4BF04A42B7D423C0060A035 /* Main.html in Resources */ = {isa = PBXBuildFile; fileRef = F4BF045E2B7D423A0060A035 /* Main.html */; };
		F4BF04A52B7D423C0060A035 /* Icon.png in Resources */ = {isa = PBXBuildFile; fileRef = F4BF04602B7D423A0060A035 /* Icon.png */; };
		F4BF04A62B7D423C0060A035 /* Icon.png in Resources */ = {isa = PBXBuildFile; fileRef = F4BF04602B7D423A0060A035 /* Icon.png */; };
		F4BF04A72B7D423C0060A035 /* Style.css in Resources */ = {isa = PBXBuildFile; fileRef = F4BF04612B7D423A0060A035 /* Style.css */; };
		F4BF04A82B7D423C0060A035 /* Style.css in Resources */ = {isa = PBXBuildFile; fileRef = F4BF04612B7D423A0060A035 /* Style.css */; };
		F4BF04A92B7D423C0060A035 /* Script.js in Resources */ = {isa = PBXBuildFile; fileRef = F4BF04622B7D423A0060A035 /* Script.js */; };
		F4BF04AA2B7D423C0060A035 /* Script.js in Resources */ = {isa = PBXBuildFile; fileRef = F4BF04622B7D423A0060A035 /* Script.js */; };
		F4BF04AB2B7D423C0060A035 /* ViewController.swift in Sources */ = {isa = PBXBuildFile; fileRef = F4BF04632B7D423A0060A035 /* ViewController.swift */; };
		F4BF04AC2B7D423C0060A035 /* ViewController.swift in Sources */ = {isa = PBXBuildFile; fileRef = F4BF04632B7D423A0060A035 /* ViewController.swift */; };
		F4BF04AD2B7D423C0060A035 /* Assets.xcassets in Resources */ = {isa = PBXBuildFile; fileRef = F4BF04642B7D423C0060A035 /* Assets.xcassets */; };
		F4BF04AE2B7D423C0060A035 /* Assets.xcassets in Resources */ = {isa = PBXBuildFile; fileRef = F4BF04642B7D423C0060A035 /* Assets.xcassets */; };
		F4BF04AF2B7D423C0060A035 /* SafariWebExtensionHandler.swift in Sources */ = {isa = PBXBuildFile; fileRef = F4BF04662B7D423C0060A035 /* SafariWebExtensionHandler.swift */; };
		F4BF04B02B7D423C0060A035 /* SafariWebExtensionHandler.swift in Sources */ = {isa = PBXBuildFile; fileRef = F4BF04662B7D423C0060A035 /* SafariWebExtensionHandler.swift */; };
		F4BF04B12B7D423C0060A035 /* _locales in Resources */ = {isa = PBXBuildFile; fileRef = F4BF04682B7D423C0060A035 /* _locales */; };
		F4BF04B22B7D423C0060A035 /* _locales in Resources */ = {isa = PBXBuildFile; fileRef = F4BF04682B7D423C0060A035 /* _locales */; };
		F4BF04B32B7D423C0060A035 /* images in Resources */ = {isa = PBXBuildFile; fileRef = F4BF04692B7D423C0060A035 /* images */; };
		F4BF04B42B7D423C0060A035 /* images in Resources */ = {isa = PBXBuildFile; fileRef = F4BF04692B7D423C0060A035 /* images */; };
		F4BF04B52B7D423C0060A035 /* manifest.json in Resources */ = {isa = PBXBuildFile; fileRef = F4BF046A2B7D423C0060A035 /* manifest.json */; };
		F4BF04B62B7D423C0060A035 /* manifest.json in Resources */ = {isa = PBXBuildFile; fileRef = F4BF046A2B7D423C0060A035 /* manifest.json */; };
		F4BF04B72B7D423C0060A035 /* background.js in Resources */ = {isa = PBXBuildFile; fileRef = F4BF046B2B7D423C0060A035 /* background.js */; };
		F4BF04B82B7D423C0060A035 /* background.js in Resources */ = {isa = PBXBuildFile; fileRef = F4BF046B2B7D423C0060A035 /* background.js */; };
		F4BF04B92B7D423C0060A035 /* content.js in Resources */ = {isa = PBXBuildFile; fileRef = F4BF046C2B7D423C0060A035 /* content.js */; };
		F4BF04BA2B7D423C0060A035 /* content.js in Resources */ = {isa = PBXBuildFile; fileRef = F4BF046C2B7D423C0060A035 /* content.js */; };
		F4BF04BB2B7D423C0060A035 /* popup.html in Resources */ = {isa = PBXBuildFile; fileRef = F4BF046D2B7D423C0060A035 /* popup.html */; };
		F4BF04BC2B7D423C0060A035 /* popup.html in Resources */ = {isa = PBXBuildFile; fileRef = F4BF046D2B7D423C0060A035 /* popup.html */; };
		F4BF04BD2B7D423C0060A035 /* popup.css in Resources */ = {isa = PBXBuildFile; fileRef = F4BF046E2B7D423C0060A035 /* popup.css */; };
		F4BF04BE2B7D423C0060A035 /* popup.css in Resources */ = {isa = PBXBuildFile; fileRef = F4BF046E2B7D423C0060A035 /* popup.css */; };
		F4BF04BF2B7D423C0060A035 /* popup.js in Resources */ = {isa = PBXBuildFile; fileRef = F4BF046F2B7D423C0060A035 /* popup.js */; };
		F4BF04C02B7D423C0060A035 /* popup.js in Resources */ = {isa = PBXBuildFile; fileRef = F4BF046F2B7D423C0060A035 /* popup.js */; };
/* End PBXBuildFile section */

/* Begin PBXContainerItemProxy section */
		F4BF04942B7D423C0060A035 /* PBXContainerItemProxy */ = {
			isa = PBXContainerItemProxy;
			containerPortal = F4BF04582B7D423A0060A035 /* Project object */;
			proxyType = 1;
			remoteGlobalIDString = F4BF04912B7D423C0060A035;
			remoteInfo = "pokepastefix.safari Extension (iOS)";
		};
		F4BF049E2B7D423C0060A035 /* PBXContainerItemProxy */ = {
			isa = PBXContainerItemProxy;
			containerPortal = F4BF04582B7D423A0060A035 /* Project object */;
			proxyType = 1;
			remoteGlobalIDString = F4BF049B2B7D423C0060A035;
			remoteInfo = "pokepastefix.safari Extension (macOS)";
		};
/* End PBXContainerItemProxy section */

/* Begin PBXCopyFilesBuildPhase section */
		F4BF04C62B7D423C0060A035 /* Embed App Extensions */ = {
			isa = PBXCopyFilesBuildPhase;
			buildActionMask = 2147483647;
			dstPath = "";
			dstSubfolderSpec = 13;
			files = (
				F4BF04932B7D423C0060A035 /* pokepastefix.safari Extension.appex in Embed App Extensions */,
			);
			name = "Embed App Extensions";
			runOnlyForDeploymentPostprocessing = 0;
		};
		F4BF04CD2B7D423C0060A035 /* Embed App Extensions */ = {
			isa = PBXCopyFilesBuildPhase;
			buildActionMask = 2147483647;
			dstPath = "";
			dstSubfolderSpec = 13;
			files = (
				F4BF049D2B7D423C0060A035 /* pokepastefix.safari Extension.appex in Embed App Extensions */,
			);
			name = "Embed App Extensions";
			runOnlyForDeploymentPostprocessing = 0;
		};
/* End PBXCopyFilesBuildPhase section */

/* Begin PBXFileReference section */
		F4BF045F2B7D423A0060A035 /* Base */ = {isa = PBXFileReference; lastKnownFileType = text.html; name = Base; path = ../Base.lproj/Main.html; sourceTree = "<group>"; };
		F4BF04602B7D423A0060A035 /* Icon.png */ = {isa = PBXFileReference; lastKnownFileType = image.png; path = Icon.png; sourceTree = "<group>"; };
		F4BF04612B7D423A0060A035 /* Style.css */ = {isa = PBXFileReference; lastKnownFileType = text.css; path = Style.css; sourceTree = "<group>"; };
		F4BF04622B7D423A0060A035 /* Script.js */ = {isa = PBXFileReference; lastKnownFileType = sourcecode.javascript; path = Script.js; sourceTree = "<group>"; };
		F4BF04632B7D423A0060A035 /* ViewController.swift */ = {isa = PBXFileReference; lastKnownFileType = sourcecode.swift; path = ViewController.swift; sourceTree = "<group>"; };
		F4BF04642B7D423C0060A035 /* Assets.xcassets */ = {isa = PBXFileReference; lastKnownFileType = folder.assetcatalog; path = Assets.xcassets; sourceTree = "<group>"; };
		F4BF04662B7D423C0060A035 /* SafariWebExtensionHandler.swift */ = {isa = PBXFileReference; lastKnownFileType = sourcecode.swift; path = SafariWebExtensionHandler.swift; sourceTree = "<group>"; };
		F4BF04682B7D423C0060A035 /* _locales */ = {isa = PBXFileReference; lastKnownFileType = folder; path = _locales; sourceTree = "<group>"; };
		F4BF04692B7D423C0060A035 /* images */ = {isa = PBXFileReference; lastKnownFileType = folder; path = images; sourceTree = "<group>"; };
		F4BF046A2B7D423C0060A035 /* manifest.json */ = {isa = PBXFileReference; lastKnownFileType = text.json; path = manifest.json; sourceTree = "<group>"; };
		F4BF046B2B7D423C0060A035 /* background.js */ = {isa = PBXFileReference; lastKnownFileType = sourcecode.javascript; path = background.js; sourceTree = "<group>"; };
		F4BF046C2B7D423C0060A035 /* content.js */ = {isa = PBXFileReference; lastKnownFileType = sourcecode.javascript; path = content.js; sourceTree = "<group>"; };
		F4BF046D2B7D423C0060A035 /* popup.html */ = {isa = PBXFileReference; lastKnownFileType = text.html; path = popup.html; sourceTree = "<group>"; };
		F4BF046E2B7D423C0060A035 /* popup.css */ = {isa = PBXFileReference; lastKnownFileType = text.css; path = popup.css; sourceTree = "<group>"; };
		F4BF046F2B7D423C0060A035 /* popup.js */ = {isa = PBXFileReference; lastKnownFileType = sourcecode.javascript; path = popup.js; sourceTree = "<group>"; };
		F4BF04742B7D423C0060A035 /* pokepastefix.safari.app */ = {isa = PBXFileReference; explicitFileType = wrapper.application; includeInIndex = 0; path = pokepastefix.safari.app; sourceTree = BUILT_PRODUCTS_DIR; };
		F4BF04772B7D423C0060A035 /* AppDelegate.swift */ = {isa = PBXFileReference; lastKnownFileType = sourcecode.swift; path = AppDelegate.swift; sourceTree = "<group>"; };
		F4BF04792B7D423C0060A035 /* SceneDelegate.swift */ = {isa = PBXFileReference; lastKnownFileType = sourcecode.swift; path = SceneDelegate.swift; sourceTree = "<group>"; };
		F4BF047C2B7D423C0060A035 /* Base */ = {isa = PBXFileReference; lastKnownFileType = file.storyboard; name = Base; path = Base.lproj/LaunchScreen.storyboard; sourceTree = "<group>"; };
		F4BF047F2B7D423C0060A035 /* Base */ = {isa = PBXFileReference; lastKnownFileType = file.storyboard; name = Base; path = Base.lproj/Main.storyboard; sourceTree = "<group>"; };
		F4BF04812B7D423C0060A035 /* Info.plist */ = {isa = PBXFileReference; lastKnownFileType = text.plist.xml; path = Info.plist; sourceTree = "<group>"; };
		F4BF04862B7D423C0060A035 /* pokepastefix.safari.app */ = {isa = PBXFileReference; explicitFileType = wrapper.application; includeInIndex = 0; path = pokepastefix.safari.app; sourceTree = BUILT_PRODUCTS_DIR; };
		F4BF04882B7D423C0060A035 /* AppDelegate.swift */ = {isa = PBXFileReference; lastKnownFileType = sourcecode.swift; path = AppDelegate.swift; sourceTree = "<group>"; };
		F4BF048B2B7D423C0060A035 /* Base */ = {isa = PBXFileReference; lastKnownFileType = file.storyboard; name = Base; path = Base.lproj/Main.storyboard; sourceTree = "<group>"; };
		F4BF048D2B7D423C0060A035 /* pokepastefix.safari.entitlements */ = {isa = PBXFileReference; lastKnownFileType = text.plist.entitlements; path = pokepastefix.safari.entitlements; sourceTree = "<group>"; };
		F4BF04922B7D423C0060A035 /* pokepastefix.safari Extension.appex */ = {isa = PBXFileReference; explicitFileType = "wrapper.app-extension"; includeInIndex = 0; path = "pokepastefix.safari Extension.appex"; sourceTree = BUILT_PRODUCTS_DIR; };
		F4BF04972B7D423C0060A035 /* Info.plist */ = {isa = PBXFileReference; lastKnownFileType = text.plist.xml; path = Info.plist; sourceTree = "<group>"; };
		F4BF049C2B7D423C0060A035 /* pokepastefix.safari Extension.appex */ = {isa = PBXFileReference; explicitFileType = "wrapper.app-extension"; includeInIndex = 0; path = "pokepastefix.safari Extension.appex"; sourceTree = BUILT_PRODUCTS_DIR; };
		F4BF04A12B7D423C0060A035 /* Info.plist */ = {isa = PBXFileReference; lastKnownFileType = text.plist.xml; path = Info.plist; sourceTree = "<group>"; };
		F4BF04A22B7D423C0060A035 /* pokepastefix.safari.entitlements */ = {isa = PBXFileReference; lastKnownFileType = text.plist.entitlements; path = pokepastefix.safari.entitlements; sourceTree = "<group>"; };
/* End PBXFileReference section */

/* Begin PBXFrameworksBuildPhase section */
		F4BF04712B7D423C0060A035 /* Frameworks */ = {
			isa = PBXFrameworksBuildPhase;
			buildActionMask = 2147483647;
			files = (
			);
			runOnlyForDeploymentPostprocessing = 0;
		};
		F4BF04832B7D423C0060A035 /* Frameworks */ = {
			isa = PBXFrameworksBuildPhase;
			buildActionMask = 2147483647;
			files = (
			);
			runOnlyForDeploymentPostprocessing = 0;
		};
		F4BF048F2B7D423C0060A035 /* Frameworks */ = {
			isa = PBXFrameworksBuildPhase;
			buildActionMask = 2147483647;
			files = (
			);
			runOnlyForDeploymentPostprocessing = 0;
		};
		F4BF04992B7D423C0060A035 /* Frameworks */ = {
			isa = PBXFrameworksBuildPhase;
			buildActionMask = 2147483647;
			files = (
			);
			runOnlyForDeploymentPostprocessing = 0;
		};
/* End PBXFrameworksBuildPhase section */

/* Begin PBXGroup section */
		F4BF04572B7D423A0060A035 = {
			isa = PBXGroup;
			children = (
				F4BF045C2B7D423A0060A035 /* Shared (App) */,
				F4BF04652B7D423C0060A035 /* Shared (Extension) */,
				F4BF04762B7D423C0060A035 /* iOS (App) */,
				F4BF04872B7D423C0060A035 /* macOS (App) */,
				F4BF04962B7D423C0060A035 /* iOS (Extension) */,
				F4BF04A02B7D423C0060A035 /* macOS (Extension) */,
				F4BF04752B7D423C0060A035 /* Products */,
			);
			sourceTree = "<group>";
		};
		F4BF045C2B7D423A0060A035 /* Shared (App) */ = {
			isa = PBXGroup;
			children = (
				F4BF04632B7D423A0060A035 /* ViewController.swift */,
				F4BF04642B7D423C0060A035 /* Assets.xcassets */,
				F4BF045D2B7D423A0060A035 /* Resources */,
			);
			path = "Shared (App)";
			sourceTree = "<group>";
		};
		F4BF045D2B7D423A0060A035 /* Resources */ = {
			isa = PBXGroup;
			children = (
				F4BF045E2B7D423A0060A035 /* Main.html */,
				F4BF04602B7D423A0060A035 /* Icon.png */,
				F4BF04612B7D423A0060A035 /* Style.css */,
				F4BF04622B7D423A0060A035 /* Script.js */,
			);
			path = Resources;
			sourceTree = "<group>";
		};
		F4BF04652B7D423C0060A035 /* Shared (Extension) */ = {
			isa = PBXGroup;
			children = (
				F4BF04662B7D423C0060A035 /* SafariWebExtensionHandler.swift */,
				F4BF04672B7D423C0060A035 /* Resources */,
			);
			path = "Shared (Extension)";
			sourceTree = "<group>";
		};
		F4BF04672B7D423C0060A035 /* Resources */ = {
			isa = PBXGroup;
			children = (
				F4BF04682B7D423C0060A035 /* _locales */,
				F4BF04692B7D423C0060A035 /* images */,
				F4BF046A2B7D423C0060A035 /* manifest.json */,
				F4BF046B2B7D423C0060A035 /* background.js */,
				F4BF046C2B7D423C0060A035 /* content.js */,
				F4BF046D2B7D423C0060A035 /* popup.html */,
				F4BF046E2B7D423C0060A035 /* popup.css */,
				F4BF046F2B7D423C0060A035 /* popup.js */,
			);
			path = Resources;
			sourceTree = "<group>";
		};
		F4BF04752B7D423C0060A035 /* Products */ = {
			isa = PBXGroup;
			children = (
				F4BF04742B7D423C0060A035 /* pokepastefix.safari.app */,
				F4BF04862B7D423C0060A035 /* pokepastefix.safari.app */,
				F4BF04922B7D423C0060A035 /* pokepastefix.safari Extension.appex */,
				F4BF049C2B7D423C0060A035 /* pokepastefix.safari Extension.appex */,
			);
			name = Products;
			sourceTree = "<group>";
		};
		F4BF04762B7D423C0060A035 /* iOS (App) */ = {
			isa = PBXGroup;
			children = (
				F4BF04772B7D423C0060A035 /* AppDelegate.swift */,
				F4BF04792B7D423C0060A035 /* SceneDelegate.swift */,
				F4BF047B2B7D423C0060A035 /* LaunchScreen.storyboard */,
				F4BF047E2B7D423C0060A035 /* Main.storyboard */,
				F4BF04812B7D423C0060A035 /* Info.plist */,
			);
			path = "iOS (App)";
			sourceTree = "<group>";
		};
		F4BF04872B7D423C0060A035 /* macOS (App) */ = {
			isa = PBXGroup;
			children = (
				F4BF04882B7D423C0060A035 /* AppDelegate.swift */,
				F4BF048A2B7D423C0060A035 /* Main.storyboard */,
				F4BF048D2B7D423C0060A035 /* pokepastefix.safari.entitlements */,
			);
			path = "macOS (App)";
			sourceTree = "<group>";
		};
		F4BF04962B7D423C0060A035 /* iOS (Extension) */ = {
			isa = PBXGroup;
			children = (
				F4BF04972B7D423C0060A035 /* Info.plist */,
			);
			path = "iOS (Extension)";
			sourceTree = "<group>";
		};
		F4BF04A02B7D423C0060A035 /* macOS (Extension) */ = {
			isa = PBXGroup;
			children = (
				F4BF04A12B7D423C0060A035 /* Info.plist */,
				F4BF04A22B7D423C0060A035 /* pokepastefix.safari.entitlements */,
			);
			path = "macOS (Extension)";
			sourceTree = "<group>";
		};
/* End PBXGroup section */

/* Begin PBXNativeTarget section */
		F4BF04732B7D423C0060A035 /* pokepastefix.safari (iOS) */ = {
			isa = PBXNativeTarget;
			buildConfigurationList = F4BF04C72B7D423C0060A035 /* Build configuration list for PBXNativeTarget "pokepastefix.safari (iOS)" */;
			buildPhases = (
				F4BF04702B7D423C0060A035 /* Sources */,
				F4BF04712B7D423C0060A035 /* Frameworks */,
				F4BF04722B7D423C0060A035 /* Resources */,
				F4BF04C62B7D423C0060A035 /* Embed App Extensions */,
			);
			buildRules = (
			);
			dependencies = (
				F4BF04952B7D423C0060A035 /* PBXTargetDependency */,
			);
			name = "pokepastefix.safari (iOS)";
			productName = "pokepastefix.safari (iOS)";
			productReference = F4BF04742B7D423C0060A035 /* pokepastefix.safari.app */;
			productType = "com.apple.product-type.application";
		};
		F4BF04852B7D423C0060A035 /* pokepastefix.safari (macOS) */ = {
			isa = PBXNativeTarget;
			buildConfigurationList = F4BF04CE2B7D423C0060A035 /* Build configuration list for PBXNativeTarget "pokepastefix.safari (macOS)" */;
			buildPhases = (
				F4BF04822B7D423C0060A035 /* Sources */,
				F4BF04832B7D423C0060A035 /* Frameworks */,
				F4BF04842B7D423C0060A035 /* Resources */,
				F4BF04CD2B7D423C0060A035 /* Embed App Extensions */,
			);
			buildRules = (
			);
			dependencies = (
				F4BF049F2B7D423C0060A035 /* PBXTargetDependency */,
			);
			name = "pokepastefix.safari (macOS)";
			productName = "pokepastefix.safari (macOS)";
			productReference = F4BF04862B7D423C0060A035 /* pokepastefix.safari.app */;
			productType = "com.apple.product-type.application";
		};
		F4BF04912B7D423C0060A035 /* pokepastefix.safari Extension (iOS) */ = {
			isa = PBXNativeTarget;
			buildConfigurationList = F4BF04C32B7D423C0060A035 /* Build configuration list for PBXNativeTarget "pokepastefix.safari Extension (iOS)" */;
			buildPhases = (
				F4BF048E2B7D423C0060A035 /* Sources */,
				F4BF048F2B7D423C0060A035 /* Frameworks */,
				F4BF04902B7D423C0060A035 /* Resources */,
			);
			buildRules = (
			);
			dependencies = (
			);
			name = "pokepastefix.safari Extension (iOS)";
			productName = "pokepastefix.safari Extension (iOS)";
			productReference = F4BF04922B7D423C0060A035 /* pokepastefix.safari Extension.appex */;
			productType = "com.apple.product-type.app-extension";
		};
		F4BF049B2B7D423C0060A035 /* pokepastefix.safari Extension (macOS) */ = {
			isa = PBXNativeTarget;
			buildConfigurationList = F4BF04CA2B7D423C0060A035 /* Build configuration list for PBXNativeTarget "pokepastefix.safari Extension (macOS)" */;
			buildPhases = (
				F4BF04982B7D423C0060A035 /* Sources */,
				F4BF04992B7D423C0060A035 /* Frameworks */,
				F4BF049A2B7D423C0060A035 /* Resources */,
			);
			buildRules = (
			);
			dependencies = (
			);
			name = "pokepastefix.safari Extension (macOS)";
			productName = "pokepastefix.safari Extension (macOS)";
			productReference = F4BF049C2B7D423C0060A035 /* pokepastefix.safari Extension.appex */;
			productType = "com.apple.product-type.app-extension";
		};
/* End PBXNativeTarget section */

/* Begin PBXProject section */
		F4BF04582B7D423A0060A035 /* Project object */ = {
			isa = PBXProject;
			attributes = {
				BuildIndependentTargetsInParallel = 1;
				LastSwiftUpdateCheck = 1320;
				LastUpgradeCheck = 1320;
				TargetAttributes = {
					F4BF04732B7D423C0060A035 = {
						CreatedOnToolsVersion = 13.2.1;
					};
					F4BF04852B7D423C0060A035 = {
						CreatedOnToolsVersion = 13.2.1;
					};
					F4BF04912B7D423C0060A035 = {
						CreatedOnToolsVersion = 13.2.1;
					};
					F4BF049B2B7D423C0060A035 = {
						CreatedOnToolsVersion = 13.2.1;
					};
				};
			};
			buildConfigurationList = F4BF045B2B7D423A0060A035 /* Build configuration list for PBXProject "pokepastefix.safari" */;
			compatibilityVersion = "Xcode 13.0";
			developmentRegion = en;
			hasScannedForEncodings = 0;
			knownRegions = (
				en,
				Base,
			);
			mainGroup = F4BF04572B7D423A0060A035;
			productRefGroup = F4BF04752B7D423C0060A035 /* Products */;
			projectDirPath = "";
			projectRoot = "";
			targets = (
				F4BF04732B7D423C0060A035 /* pokepastefix.safari (iOS) */,
				F4BF04852B7D423C0060A035 /* pokepastefix.safari (macOS) */,
				F4BF04912B7D423C0060A035 /* pokepastefix.safari Extension (iOS) */,
				F4BF049B2B7D423C0060A035 /* pokepastefix.safari Extension (macOS) */,
			);
		};
/* End PBXProject section */

/* Begin PBXResourcesBuildPhase section */
		F4BF04722B7D423C0060A035 /* Resources */ = {
			isa = PBXResourcesBuildPhase;
			buildActionMask = 2147483647;
			files = (
				F4BF04A52B7D423C0060A035 /* Icon.png in Resources */,
				F4BF047D2B7D423C0060A035 /* LaunchScreen.storyboard in Resources */,
				F4BF04A32B7D423C0060A035 /* Main.html in Resources */,
				F4BF04A92B7D423C0060A035 /* Script.js in Resources */,
				F4BF04AD2B7D423C0060A035 /* Assets.xcassets in Resources */,
				F4BF04802B7D423C0060A035 /* Main.storyboard in Resources */,
				F4BF04A72B7D423C0060A035 /* Style.css in Resources */,
			);
			runOnlyForDeploymentPostprocessing = 0;
		};
		F4BF04842B7D423C0060A035 /* Resources */ = {
			isa = PBXResourcesBuildPhase;
			buildActionMask = 2147483647;
			files = (
				F4BF04A62B7D423C0060A035 /* Icon.png in Resources */,
				F4BF04A82B7D423C0060A035 /* Style.css in Resources */,
				F4BF048C2B7D423C0060A035 /* Main.storyboard in Resources */,
				F4BF04AA2B7D423C0060A035 /* Script.js in Resources */,
				F4BF04AE2B7D423C0060A035 /* Assets.xcassets in Resources */,
				F4BF04A42B7D423C0060A035 /* Main.html in Resources */,
			);
			runOnlyForDeploymentPostprocessing = 0;
		};
		F4BF04902B7D423C0060A035 /* Resources */ = {
			isa = PBXResourcesBuildPhase;
			buildActionMask = 2147483647;
			files = (
				F4BF04B72B7D423C0060A035 /* background.js in Resources */,
				F4BF04BD2B7D423C0060A035 /* popup.css in Resources */,
				F4BF04BB2B7D423C0060A035 /* popup.html in Resources */,
				F4BF04B32B7D423C0060A035 /* images in Resources */,
				F4BF04B52B7D423C0060A035 /* manifest.json in Resources */,
				F4BF04B12B7D423C0060A035 /* _locales in Resources */,
				F4BF04B92B7D423C0060A035 /* content.js in Resources */,
				F4BF04BF2B7D423C0060A035 /* popup.js in Resources */,
			);
			runOnlyForDeploymentPostprocessing = 0;
		};
		F4BF049A2B7D423C0060A035 /* Resources */ = {
			isa = PBXResourcesBuildPhase;
			buildActionMask = 2147483647;
			files = (
				F4BF04B82B7D423C0060A035 /* background.js in Resources */,
				F4BF04BE2B7D423C0060A035 /* popup.css in Resources */,
				F4BF04BC2B7D423C0060A035 /* popup.html in Resources */,
				F4BF04B42B7D423C0060A035 /* images in Resources */,
				F4BF04B62B7D423C0060A035 /* manifest.json in Resources */,
				F4BF04B22B7D423C0060A035 /* _locales in Resources */,
				F4BF04BA2B7D423C0060A035 /* content.js in Resources */,
				F4BF04C02B7D423C0060A035 /* popup.js in Resources */,
			);
			runOnlyForDeploymentPostprocessing = 0;
		};
/* End PBXResourcesBuildPhase section */

/* Begin PBXSourcesBuildPhase section */
		F4BF04702B7D423C0060A035 /* Sources */ = {
			isa = PBXSourcesBuildPhase;
			buildActionMask = 2147483647;
			files = (
				F4BF04AB2B7D423C0060A035 /* ViewController.swift in Sources */,
				F4BF04782B7D423C0060A035 /* AppDelegate.swift in Sources */,
				F4BF047A2B7D423C0060A035 /* SceneDelegate.swift in Sources */,
			);
			runOnlyForDeploymentPostprocessing = 0;
		};
		F4BF04822B7D423C0060A035 /* Sources */ = {
			isa = PBXSourcesBuildPhase;
			buildActionMask = 2147483647;
			files = (
				F4BF04AC2B7D423C0060A035 /* ViewController.swift in Sources */,
				F4BF04892B7D423C0060A035 /* AppDelegate.swift in Sources */,
			);
			runOnlyForDeploymentPostprocessing = 0;
		};
		F4BF048E2B7D423C0060A035 /* Sources */ = {
			isa = PBXSourcesBuildPhase;
			buildActionMask = 2147483647;
			files = (
				F4BF04AF2B7D423C0060A035 /* SafariWebExtensionHandler.swift in Sources */,
			);
			runOnlyForDeploymentPostprocessing = 0;
		};
		F4BF04982B7D423C0060A035 /* Sources */ = {
			isa = PBXSourcesBuildPhase;
			buildActionMask = 2147483647;
			files = (
				F4BF04B02B7D423C0060A035 /* SafariWebExtensionHandler.swift in Sources */,
			);
			runOnlyForDeploymentPostprocessing = 0;
		};
/* End PBXSourcesBuildPhase section */

/* Begin PBXTargetDependency section */
		F4BF04952B7D423C0060A035 /* PBXTargetDependency */ = {
			isa = PBXTargetDependency;
			target = F4BF04912B7D423C0060A035 /* pokepastefix.safari Extension (iOS) */;
			targetProxy = F4BF04942B7D423C0060A035 /* PBXContainerItemProxy */;
		};
		F4BF049F2B7D423C0060A035 /* PBXTargetDependency */ = {
			isa = PBXTargetDependency;
			target = F4BF049B2B7D423C0060A035 /* pokepastefix.safari Extension (macOS) */;
			targetProxy = F4BF049E2B7D423C0060A035 /* PBXContainerItemProxy */;
		};
/* End PBXTargetDependency section */

/* Begin PBXVariantGroup section */
		F4BF045E2B7D423A0060A035 /* Main.html */ = {
			isa = PBXVariantGroup;
			children = (
				F4BF045F2B7D423A0060A035 /* Base */,
			);
			name = Main.html;
			sourceTree = "<group>";
		};
		F4BF047B2B7D423C0060A035 /* LaunchScreen.storyboard */ = {
			isa = PBXVariantGroup;
			children = (
				F4BF047C2B7D423C0060A035 /* Base */,
			);
			name = LaunchScreen.storyboard;
			sourceTree = "<group>";
		};
		F4BF047E2B7D423C0060A035 /* Main.storyboard */ = {
			isa = PBXVariantGroup;
			children = (
				F4BF047F2B7D423C0060A035 /* Base */,
			);
			name = Main.storyboard;
			sourceTree = "<group>";
		};
		F4BF048A2B7D423C0060A035 /* Main.storyboard */ = {
			isa = PBXVariantGroup;
			children = (
				F4BF048B2B7D423C0060A035 /* Base */,
			);
			name = Main.storyboard;
			sourceTree = "<group>";
		};
/* End PBXVariantGroup section */

/* Begin XCBuildConfiguration section */
		F4BF04C12B7D423C0060A035 /* Debug */ = {
			isa = XCBuildConfiguration;
			buildSettings = {
				ALWAYS_SEARCH_USER_PATHS = NO;
				CLANG_ANALYZER_NONNULL = YES;
				CLANG_ANALYZER_NUMBER_OBJECT_CONVERSION = YES_AGGRESSIVE;
				CLANG_CXX_LANGUAGE_STANDARD = "gnu++17";
				CLANG_CXX_LIBRARY = "libc++";
				CLANG_ENABLE_MODULES = YES;
				CLANG_ENABLE_OBJC_ARC = YES;
				CLANG_ENABLE_OBJC_WEAK = YES;
				CLANG_WARN_BLOCK_CAPTURE_AUTORELEASING = YES;
				CLANG_WARN_BOOL_CONVERSION = YES;
				CLANG_WARN_COMMA = YES;
				CLANG_WARN_CONSTANT_CONVERSION = YES;
				CLANG_WARN_DEPRECATED_OBJC_IMPLEMENTATIONS = YES;
				CLANG_WARN_DIRECT_OBJC_ISA_USAGE = YES_ERROR;
				CLANG_WARN_DOCUMENTATION_COMMENTS = YES;
				CLANG_WARN_EMPTY_BODY = YES;
				CLANG_WARN_ENUM_CONVERSION = YES;
				CLANG_WARN_INFINITE_RECURSION = YES;
				CLANG_WARN_INT_CONVERSION = YES;
				CLANG_WARN_NON_LITERAL_NULL_CONVERSION = YES;
				CLANG_WARN_OBJC_IMPLICIT_RETAIN_SELF = YES;
				CLANG_WARN_OBJC_LITERAL_CONVERSION = YES;
				CLANG_WARN_OBJC_ROOT_CLASS = YES_ERROR;
				CLANG_WARN_QUOTED_INCLUDE_IN_FRAMEWORK_HEADER = YES;
				CLANG_WARN_RANGE_LOOP_ANALYSIS = YES;
				CLANG_WARN_STRICT_PROTOTYPES = YES;
				CLANG_WARN_SUSPICIOUS_MOVE = YES;
				CLANG_WARN_UNGUARDED_AVAILABILITY = YES_AGGRESSIVE;
				CLANG_WARN_UNREACHABLE_CODE = YES;
				CLANG_WARN__DUPLICATE_METHOD_MATCH = YES;
				COPY_PHASE_STRIP = NO;
				DEBUG_INFORMATION_FORMAT = dwarf;
				ENABLE_STRICT_OBJC_MSGSEND = YES;
				ENABLE_TESTABILITY = YES;
				GCC_C_LANGUAGE_STANDARD = gnu11;
				GCC_DYNAMIC_NO_PIC = NO;
				GCC_NO_COMMON_BLOCKS = YES;
				GCC_OPTIMIZATION_LEVEL = 0;
				GCC_PREPROCESSOR_DEFINITIONS = (
					"DEBUG=1",
					"$(inherited)",
				);
				GCC_WARN_64_TO_32_BIT_CONVERSION = YES;
				GCC_WARN_ABOUT_RETURN_TYPE = YES_ERROR;
				GCC_WARN_UNDECLARED_SELECTOR = YES;
				GCC_WARN_UNINITIALIZED_AUTOS = YES_AGGRESSIVE;
				GCC_WARN_UNUSED_FUNCTION = YES;
				GCC_WARN_UNUSED_VARIABLE = YES;
				MTL_ENABLE_DEBUG_INFO = INCLUDE_SOURCE;
				MTL_FAST_MATH = YES;
				ONLY_ACTIVE_ARCH = YES;
				SWIFT_ACTIVE_COMPILATION_CONDITIONS = DEBUG;
				SWIFT_OPTIMIZATION_LEVEL = "-Onone";
			};
			name = Debug;
		};
		F4BF04C22B7D423C0060A035 /* Release */ = {
			isa = XCBuildConfiguration;
			buildSettings = {
				ALWAYS_SEARCH_USER_PATHS = NO;
				CLANG_ANALYZER_NONNULL = YES;
				CLANG_ANALYZER_NUMBER_OBJECT_CONVERSION = YES_AGGRESSIVE;
				CLANG_CXX_LANGUAGE_STANDARD = "gnu++17";
				CLANG_CXX_LIBRARY = "libc++";
				CLANG_ENABLE_MODULES = YES;
				CLANG_ENABLE_OBJC_ARC = YES;
				CLANG_ENABLE_OBJC_WEAK = YES;
				CLANG_WARN_BLOCK_CAPTURE_AUTORELEASING = YES;
				CLANG_WARN_BOOL_CONVERSION = YES;
				CLANG_WARN_COMMA = YES;
				CLANG_WARN_CONSTANT_CONVERSION = YES;
				CLANG_WARN_DEPRECATED_OBJC_IMPLEMENTATIONS = YES;
				CLANG_WARN_DIRECT_OBJC_ISA_USAGE = YES_ERROR;
				CLANG_WARN_DOCUMENTATION_COMMENTS = YES;
				CLANG_WARN_EMPTY_BODY = YES;
				CLANG_WARN_ENUM_CONVERSION = YES;
				CLANG_WARN_INFINITE_RECURSION = YES;
				CLANG_WARN_INT_CONVERSION = YES;
				CLANG_WARN_NON_LITERAL_NULL_CONVERSION = YES;
				CLANG_WARN_OBJC_IMPLICIT_RETAIN_SELF = YES;
				CLANG_WARN_OBJC_LITERAL_CONVERSION = YES;
				CLANG_WARN_OBJC_ROOT_CLASS = YES_ERROR;
				CLANG_WARN_QUOTED_INCLUDE_IN_FRAMEWORK_HEADER = YES;
				CLANG_WARN_RANGE_LOOP_ANALYSIS = YES;
				CLANG_WARN_STRICT_PROTOTYPES = YES;
				CLANG_WARN_SUSPICIOUS_MOVE = YES;
				CLANG_WARN_UNGUARDED_AVAILABILITY = YES_AGGRESSIVE;
				CLANG_WARN_UNREACHABLE_CODE = YES;
				CLANG_WARN__DUPLICATE_METHOD_MATCH = YES;
				COPY_PHASE_STRIP = NO;
				DEBUG_INFORMATION_FORMAT = "dwarf-with-dsym";
				ENABLE_NS_ASSERTIONS = NO;
				ENABLE_STRICT_OBJC_MSGSEND = YES;
				GCC_C_LANGUAGE_STANDARD = gnu11;
				GCC_NO_COMMON_BLOCKS = YES;
				GCC_WARN_64_TO_32_BIT_CONVERSION = YES;
				GCC_WARN_ABOUT_RETURN_TYPE = YES_ERROR;
				GCC_WARN_UNDECLARED_SELECTOR = YES;
				GCC_WARN_UNINITIALIZED_AUTOS = YES_AGGRESSIVE;
				GCC_WARN_UNUSED_FUNCTION = YES;
				GCC_WARN_UNUSED_VARIABLE = YES;
				MTL_ENABLE_DEBUG_INFO = NO;
				MTL_FAST_MATH = YES;
				SWIFT_COMPILATION_MODE = wholemodule;
				SWIFT_OPTIMIZATION_LEVEL = "-O";
			};
			name = Release;
		};
		F4BF04C42B7D423C0060A035 /* Debug */ = {
			isa = XCBuildConfiguration;
			buildSettings = {
				CODE_SIGN_STYLE = Automatic;
				CURRENT_PROJECT_VERSION = 1;
				DEVELOPMENT_TEAM = L49G7T4RSW;
				GENERATE_INFOPLIST_FILE = YES;
				INFOPLIST_FILE = "iOS (Extension)/Info.plist";
				INFOPLIST_KEY_CFBundleDisplayName = "pokepastefix.safari Extension";
				INFOPLIST_KEY_NSHumanReadableCopyright = "";
				IPHONEOS_DEPLOYMENT_TARGET = 15.0;
				LD_RUNPATH_SEARCH_PATHS = (
					"$(inherited)",
					"@executable_path/Frameworks",
					"@executable_path/../../Frameworks",
				);
				MARKETING_VERSION = 1.0;
				OTHER_LDFLAGS = (
					"-framework",
					SafariServices,
				);
				PRODUCT_BUNDLE_IDENTIFIER = "stezup.pokepastefix-safari.Extension";
				PRODUCT_NAME = "pokepastefix.safari Extension";
				SDKROOT = iphoneos;
				SKIP_INSTALL = YES;
				SWIFT_EMIT_LOC_STRINGS = YES;
				SWIFT_VERSION = 5.0;
				TARGETED_DEVICE_FAMILY = "1,2";
			};
			name = Debug;
		};
		F4BF04C52B7D423C0060A035 /* Release */ = {
			isa = XCBuildConfiguration;
			buildSettings = {
				CODE_SIGN_STYLE = Automatic;
				CURRENT_PROJECT_VERSION = 1;
				DEVELOPMENT_TEAM = L49G7T4RSW;
				GENERATE_INFOPLIST_FILE = YES;
				INFOPLIST_FILE = "iOS (Extension)/Info.plist";
				INFOPLIST_KEY_CFBundleDisplayName = "pokepastefix.safari Extension";
				INFOPLIST_KEY_NSHumanReadableCopyright = "";
				IPHONEOS_DEPLOYMENT_TARGET = 15.0;
				LD_RUNPATH_SEARCH_PATHS = (
					"$(inherited)",
					"@executable_path/Frameworks",
					"@executable_path/../../Frameworks",
				);
				MARKETING_VERSION = 1.0;
				OTHER_LDFLAGS = (
					"-framework",
					SafariServices,
				);
				PRODUCT_BUNDLE_IDENTIFIER = "stezup.pokepastefix-safari.Extension";
				PRODUCT_NAME = "pokepastefix.safari Extension";
				SDKROOT = iphoneos;
				SKIP_INSTALL = YES;
				SWIFT_EMIT_LOC_STRINGS = YES;
				SWIFT_VERSION = 5.0;
				TARGETED_DEVICE_FAMILY = "1,2";
				VALIDATE_PRODUCT = YES;
			};
			name = Release;
		};
		F4BF04C82B7D423C0060A035 /* Debug */ = {
			isa = XCBuildConfiguration;
			buildSettings = {
				ALWAYS_EMBED_SWIFT_STANDARD_LIBRARIES = YES;
				ASSETCATALOG_COMPILER_APPICON_NAME = AppIcon;
				ASSETCATALOG_COMPILER_GLOBAL_ACCENT_COLOR_NAME = AccentColor;
				CODE_SIGN_STYLE = Automatic;
				CURRENT_PROJECT_VERSION = 1;
				DEVELOPMENT_TEAM = L49G7T4RSW;
				GENERATE_INFOPLIST_FILE = YES;
				INFOPLIST_FILE = "iOS (App)/Info.plist";
				INFOPLIST_KEY_CFBundleDisplayName = pokepastefix.safari;
				INFOPLIST_KEY_UIApplicationSupportsIndirectInputEvents = YES;
				INFOPLIST_KEY_UILaunchStoryboardName = LaunchScreen;
				INFOPLIST_KEY_UIMainStoryboardFile = Main;
				INFOPLIST_KEY_UISupportedInterfaceOrientations = "UIInterfaceOrientationPortrait UIInterfaceOrientationLandscapeLeft UIInterfaceOrientationLandscapeRight";
				INFOPLIST_KEY_UISupportedInterfaceOrientations_iPad = "UIInterfaceOrientationPortrait UIInterfaceOrientationPortraitUpsideDown UIInterfaceOrientationLandscapeLeft UIInterfaceOrientationLandscapeRight";
				IPHONEOS_DEPLOYMENT_TARGET = 15.0;
				LD_RUNPATH_SEARCH_PATHS = (
					"$(inherited)",
					"@executable_path/Frameworks",
				);
				MARKETING_VERSION = 1.0;
				OTHER_LDFLAGS = (
					"-framework",
					SafariServices,
					"-framework",
					WebKit,
				);
				PRODUCT_BUNDLE_IDENTIFIER = "stezup.pokepastefix-safari";
				PRODUCT_NAME = pokepastefix.safari;
				SDKROOT = iphoneos;
				SWIFT_EMIT_LOC_STRINGS = YES;
				SWIFT_VERSION = 5.0;
				TARGETED_DEVICE_FAMILY = "1,2";
			};
			name = Debug;
		};
		F4BF04C92B7D423C0060A035 /* Release */ = {
			isa = XCBuildConfiguration;
			buildSettings = {
				ALWAYS_EMBED_SWIFT_STANDARD_LIBRARIES = YES;
				ASSETCATALOG_COMPILER_APPICON_NAME = AppIcon;
				ASSETCATALOG_COMPILER_GLOBAL_ACCENT_COLOR_NAME = AccentColor;
				CODE_SIGN_STYLE = Automatic;
				CURRENT_PROJECT_VERSION = 1;
				DEVELOPMENT_TEAM = L49G7T4RSW;
				GENERATE_INFOPLIST_FILE = YES;
				INFOPLIST_FILE = "iOS (App)/Info.plist";
				INFOPLIST_KEY_CFBundleDisplayName = pokepastefix.safari;
				INFOPLIST_KEY_UIApplicationSupportsIndirectInputEvents = YES;
				INFOPLIST_KEY_UILaunchStoryboardName = LaunchScreen;
				INFOPLIST_KEY_UIMainStoryboardFile = Main;
				INFOPLIST_KEY_UISupportedInterfaceOrientations = "UIInterfaceOrientationPortrait UIInterfaceOrientationLandscapeLeft UIInterfaceOrientationLandscapeRight";
				INFOPLIST_KEY_UISupportedInterfaceOrientations_iPad = "UIInterfaceOrientationPortrait UIInterfaceOrientationPortraitUpsideDown UIInterfaceOrientationLandscapeLeft UIInterfaceOrientationLandscapeRight";
				IPHONEOS_DEPLOYMENT_TARGET = 15.0;
				LD_RUNPATH_SEARCH_PATHS = (
					"$(inherited)",
					"@executable_path/Frameworks",
				);
				MARKETING_VERSION = 1.0;
				OTHER_LDFLAGS = (
					"-framework",
					SafariServices,
					"-framework",
					WebKit,
				);
				PRODUCT_BUNDLE_IDENTIFIER = "stezup.pokepastefix-safari";
				PRODUCT_NAME = pokepastefix.safari;
				SDKROOT = iphoneos;
				SWIFT_EMIT_LOC_STRINGS = YES;
				SWIFT_VERSION = 5.0;
				TARGETED_DEVICE_FAMILY = "1,2";
				VALIDATE_PRODUCT = YES;
			};
			name = Release;
		};
		F4BF04CB2B7D423C0060A035 /* Debug */ = {
			isa = XCBuildConfiguration;
			buildSettings = {
				CODE_SIGN_ENTITLEMENTS = "macOS (Extension)/pokepastefix.safari.entitlements";
				CODE_SIGN_STYLE = Automatic;
				CURRENT_PROJECT_VERSION = 1;
				DEVELOPMENT_TEAM = L49G7T4RSW;
				ENABLE_HARDENED_RUNTIME = YES;
				GENERATE_INFOPLIST_FILE = YES;
				INFOPLIST_FILE = "macOS (Extension)/Info.plist";
				INFOPLIST_KEY_CFBundleDisplayName = "pokepastefix.safari Extension";
				INFOPLIST_KEY_NSHumanReadableCopyright = "";
				LD_RUNPATH_SEARCH_PATHS = (
					"$(inherited)",
					"@executable_path/../Frameworks",
					"@executable_path/../../../../Frameworks",
				);
				MACOSX_DEPLOYMENT_TARGET = 10.14;
				MARKETING_VERSION = 1.0;
				OTHER_LDFLAGS = (
					"-framework",
					SafariServices,
				);
				PRODUCT_BUNDLE_IDENTIFIER = "stezup.pokepastefix-safari.Extension";
				PRODUCT_NAME = "pokepastefix.safari Extension";
				SDKROOT = macosx;
				SKIP_INSTALL = YES;
				SWIFT_EMIT_LOC_STRINGS = YES;
				SWIFT_VERSION = 5.0;
			};
			name = Debug;
		};
		F4BF04CC2B7D423C0060A035 /* Release */ = {
			isa = XCBuildConfiguration;
			buildSettings = {
				CODE_SIGN_ENTITLEMENTS = "macOS (Extension)/pokepastefix.safari.entitlements";
				CODE_SIGN_STYLE = Automatic;
				CURRENT_PROJECT_VERSION = 1;
				DEVELOPMENT_TEAM = L49G7T4RSW;
				ENABLE_HARDENED_RUNTIME = YES;
				GENERATE_INFOPLIST_FILE = YES;
				INFOPLIST_FILE = "macOS (Extension)/Info.plist";
				INFOPLIST_KEY_CFBundleDisplayName = "pokepastefix.safari Extension";
				INFOPLIST_KEY_NSHumanReadableCopyright = "";
				LD_RUNPATH_SEARCH_PATHS = (
					"$(inherited)",
					"@executable_path/../Frameworks",
					"@executable_path/../../../../Frameworks",
				);
				MACOSX_DEPLOYMENT_TARGET = 10.14;
				MARKETING_VERSION = 1.0;
				OTHER_LDFLAGS = (
					"-framework",
					SafariServices,
				);
				PRODUCT_BUNDLE_IDENTIFIER = "stezup.pokepastefix-safari.Extension";
				PRODUCT_NAME = "pokepastefix.safari Extension";
				SDKROOT = macosx;
				SKIP_INSTALL = YES;
				SWIFT_EMIT_LOC_STRINGS = YES;
				SWIFT_VERSION = 5.0;
			};
			name = Release;
		};
		F4BF04CF2B7D423C0060A035 /* Debug */ = {
			isa = XCBuildConfiguration;
			buildSettings = {
				ALWAYS_EMBED_SWIFT_STANDARD_LIBRARIES = YES;
				ASSETCATALOG_COMPILER_APPICON_NAME = AppIcon;
				ASSETCATALOG_COMPILER_GLOBAL_ACCENT_COLOR_NAME = AccentColor;
				CODE_SIGN_ENTITLEMENTS = "macOS (App)/pokepastefix.safari.entitlements";
				CODE_SIGN_STYLE = Automatic;
				CURRENT_PROJECT_VERSION = 1;
				DEVELOPMENT_TEAM = L49G7T4RSW;
				ENABLE_HARDENED_RUNTIME = YES;
				GENERATE_INFOPLIST_FILE = YES;
				INFOPLIST_KEY_CFBundleDisplayName = pokepastefix.safari;
				INFOPLIST_KEY_NSMainStoryboardFile = Main;
				INFOPLIST_KEY_NSPrincipalClass = NSApplication;
				LD_RUNPATH_SEARCH_PATHS = (
					"$(inherited)",
					"@executable_path/../Frameworks",
				);
				MACOSX_DEPLOYMENT_TARGET = 10.14;
				MARKETING_VERSION = 1.0;
				OTHER_LDFLAGS = (
					"-framework",
					SafariServices,
					"-framework",
					WebKit,
				);
				PRODUCT_BUNDLE_IDENTIFIER = "stezup.pokepastefix-safari";
				PRODUCT_NAME = pokepastefix.safari;
				SDKROOT = macosx;
				SWIFT_EMIT_LOC_STRINGS = YES;
				SWIFT_VERSION = 5.0;
			};
			name = Debug;
		};
		F4BF04D02B7D423C0060A035 /* Release */ = {
			isa = XCBuildConfiguration;
			buildSettings = {
				ALWAYS_EMBED_SWIFT_STANDARD_LIBRARIES = YES;
				ASSETCATALOG_COMPILER_APPICON_NAME = AppIcon;
				ASSETCATALOG_COMPILER_GLOBAL_ACCENT_COLOR_NAME = AccentColor;
				CODE_SIGN_ENTITLEMENTS = "macOS (App)/pokepastefix.safari.entitlements";
				CODE_SIGN_STYLE = Automatic;
				CURRENT_PROJECT_VERSION = 1;
				DEVELOPMENT_TEAM = L49G7T4RSW;
				ENABLE_HARDENED_RUNTIME = YES;
				GENERATE_INFOPLIST_FILE = YES;
				INFOPLIST_KEY_CFBundleDisplayName = pokepastefix.safari;
				INFOPLIST_KEY_NSMainStoryboardFile = Main;
				INFOPLIST_KEY_NSPrincipalClass = NSApplication;
				LD_RUNPATH_SEARCH_PATHS = (
					"$(inherited)",
					"@executable_path/../Frameworks",
				);
				MACOSX_DEPLOYMENT_TARGET = 10.14;
				MARKETING_VERSION = 1.0;
				OTHER_LDFLAGS = (
					"-framework",
					SafariServices,
					"-framework",
					WebKit,
				);
				PRODUCT_BUNDLE_IDENTIFIER = "stezup.pokepastefix-safari";
				PRODUCT_NAME = pokepastefix.safari;
				SDKROOT = macosx;
				SWIFT_EMIT_LOC_STRINGS = YES;
				SWIFT_VERSION = 5.0;
			};
			name = Release;
		};
/* End XCBuildConfiguration section */

/* Begin XCConfigurationList section */
		F4BF045B2B7D423A0060A035 /* Build configuration list for PBXProject "pokepastefix.safari" */ = {
			isa = XCConfigurationList;
			buildConfigurations = (
				F4BF04C12B7D423C0060A035 /* Debug */,
				F4BF04C22B7D423C0060A035 /* Release */,
			);
			defaultConfigurationIsVisible = 0;
			defaultConfigurationName = Release;
		};
		F4BF04C32B7D423C0060A035 /* Build configuration list for PBXNativeTarget "pokepastefix.safari Extension (iOS)" */ = {
			isa = XCConfigurationList;
			buildConfigurations = (
				F4BF04C42B7D423C0060A035 /* Debug */,
				F4BF04C52B7D423C0060A035 /* Release */,
			);
			defaultConfigurationIsVisible = 0;
			defaultConfigurationName = Release;
		};
		F4BF04C72B7D423C0060A035 /* Build configuration list for PBXNativeTarget "pokepastefix.safari (iOS)" */ = {
			isa = XCConfigurationList;
			buildConfigurations = (
				F4BF04C82B7D423C0060A035 /* Debug */,
				F4BF04C92B7D423C0060A035 /* Release */,
			);
			defaultConfigurationIsVisible = 0;
			defaultConfigurationName = Release;
		};
		F4BF04CA2B7D423C0060A035 /* Build configuration list for PBXNativeTarget "pokepastefix.safari Extension (macOS)" */ = {
			isa = XCConfigurationList;
			buildConfigurations = (
				F4BF04CB2B7D423C0060A035 /* Debug */,
				F4BF04CC2B7D423C0060A035 /* Release */,
			);
			defaultConfigurationIsVisible = 0;
			defaultConfigurationName = Release;
		};
		F4BF04CE2B7D423C0060A035 /* Build configuration list for PBXNativeTarget "pokepastefix.safari (macOS)" */ = {
			isa = XCConfigurationList;
			buildConfigurations = (
				F4BF04CF2B7D423C0060A035 /* Debug */,
				F4BF04D02B7D423C0060A035 /* Release */,
			);
			defaultConfigurationIsVisible = 0;
			defaultConfigurationName = Release;
		};
/* End XCConfigurationList section */
	};
	rootObject = F4BF04582B7D423A0060A035 /* Project object */;
}
